// !$*UTF8*$!
{
	archiveVersion = 1;
	classes = {
	};
	objectVersion = 50;
	objects = {

/* Begin PBXBuildFile section */
		1CE305A28A8E51D4BC36C8BF /* Pods_BodyBankEnterpriseDemo.framework in Frameworks */ = {isa = PBXBuildFile; fileRef = BCE435F8E2E63CFE7D12796F /* Pods_BodyBankEnterpriseDemo.framework */; };
		5DB8B16683013398DBD445F9 /* Pods_BodyBankEnterpriseDemoTests.framework in Frameworks */ = {isa = PBXBuildFile; fileRef = 10E33AE6DDC06B4DFEC36248 /* Pods_BodyBankEnterpriseDemoTests.framework */; };
		8E0E4D8521AE9021004ACECC /* bodybank-config.json in Resources */ = {isa = PBXBuildFile; fileRef = 8E0E4D8421AE9021004ACECC /* bodybank-config.json */; };
		8E58B4842173FA2F00FAB5C2 /* AppDelegate.swift in Sources */ = {isa = PBXBuildFile; fileRef = 8E58B4832173FA2F00FAB5C2 /* AppDelegate.swift */; };
		8E58B4862173FA2F00FAB5C2 /* ViewController.swift in Sources */ = {isa = PBXBuildFile; fileRef = 8E58B4852173FA2F00FAB5C2 /* ViewController.swift */; };
		8E58B4892173FA2F00FAB5C2 /* Main.storyboard in Resources */ = {isa = PBXBuildFile; fileRef = 8E58B4872173FA2F00FAB5C2 /* Main.storyboard */; };
		8E58B48B2173FA3200FAB5C2 /* Assets.xcassets in Resources */ = {isa = PBXBuildFile; fileRef = 8E58B48A2173FA3200FAB5C2 /* Assets.xcassets */; };
		8E58B48E2173FA3200FAB5C2 /* LaunchScreen.storyboard in Resources */ = {isa = PBXBuildFile; fileRef = 8E58B48C2173FA3200FAB5C2 /* LaunchScreen.storyboard */; };
		8E58B4992173FA3200FAB5C2 /* BodyBankEnterpriseDemoTests.swift in Sources */ = {isa = PBXBuildFile; fileRef = 8E58B4982173FA3200FAB5C2 /* BodyBankEnterpriseDemoTests.swift */; };
		8E58B4A42173FA3200FAB5C2 /* BodyBankEnterpriseDemoUITests.swift in Sources */ = {isa = PBXBuildFile; fileRef = 8E58B4A32173FA3200FAB5C2 /* BodyBankEnterpriseDemoUITests.swift */; };
		C73FE4EF918296CD8AF2DC3A /* Pods_BodyBankEnterpriseDemoUITests.framework in Frameworks */ = {isa = PBXBuildFile; fileRef = B034148D30E5A0A5A7246E6E /* Pods_BodyBankEnterpriseDemoUITests.framework */; };
/* End PBXBuildFile section */

/* Begin PBXContainerItemProxy section */
		8E58B4952173FA3200FAB5C2 /* PBXContainerItemProxy */ = {
			isa = PBXContainerItemProxy;
			containerPortal = 8E58B4782173FA2F00FAB5C2 /* Project object */;
			proxyType = 1;
			remoteGlobalIDString = 8E58B47F2173FA2F00FAB5C2;
			remoteInfo = BodyBankEnterpriseDemo;
		};
		8E58B4A02173FA3200FAB5C2 /* PBXContainerItemProxy */ = {
			isa = PBXContainerItemProxy;
			containerPortal = 8E58B4782173FA2F00FAB5C2 /* Project object */;
			proxyType = 1;
			remoteGlobalIDString = 8E58B47F2173FA2F00FAB5C2;
			remoteInfo = BodyBankEnterpriseDemo;
		};
/* End PBXContainerItemProxy section */

/* Begin PBXFileReference section */
		10E33AE6DDC06B4DFEC36248 /* Pods_BodyBankEnterpriseDemoTests.framework */ = {isa = PBXFileReference; explicitFileType = wrapper.framework; includeInIndex = 0; path = Pods_BodyBankEnterpriseDemoTests.framework; sourceTree = BUILT_PRODUCTS_DIR; };
		40E40512F7FD63A3C333EE32 /* Pods-BodyBankEnterpriseDemo.debug.xcconfig */ = {isa = PBXFileReference; includeInIndex = 1; lastKnownFileType = text.xcconfig; name = "Pods-BodyBankEnterpriseDemo.debug.xcconfig"; path = "Pods/Target Support Files/Pods-BodyBankEnterpriseDemo/Pods-BodyBankEnterpriseDemo.debug.xcconfig"; sourceTree = "<group>"; };
		4B7EDB3016D9C3C33E90DCA4 /* Pods-BodyBankEnterpriseDemoTests.debug.xcconfig */ = {isa = PBXFileReference; includeInIndex = 1; lastKnownFileType = text.xcconfig; name = "Pods-BodyBankEnterpriseDemoTests.debug.xcconfig"; path = "Pods/Target Support Files/Pods-BodyBankEnterpriseDemoTests/Pods-BodyBankEnterpriseDemoTests.debug.xcconfig"; sourceTree = "<group>"; };
		8E0E4D8421AE9021004ACECC /* bodybank-config.json */ = {isa = PBXFileReference; fileEncoding = 4; lastKnownFileType = text.json; path = "bodybank-config.json"; sourceTree = "<group>"; };
		8E58B4802173FA2F00FAB5C2 /* BodyBankEnterpriseDemo.app */ = {isa = PBXFileReference; explicitFileType = wrapper.application; includeInIndex = 0; path = BodyBankEnterpriseDemo.app; sourceTree = BUILT_PRODUCTS_DIR; };
		8E58B4832173FA2F00FAB5C2 /* AppDelegate.swift */ = {isa = PBXFileReference; lastKnownFileType = sourcecode.swift; path = AppDelegate.swift; sourceTree = "<group>"; };
		8E58B4852173FA2F00FAB5C2 /* ViewController.swift */ = {isa = PBXFileReference; lastKnownFileType = sourcecode.swift; path = ViewController.swift; sourceTree = "<group>"; };
		8E58B4882173FA2F00FAB5C2 /* Base */ = {isa = PBXFileReference; lastKnownFileType = file.storyboard; name = Base; path = Base.lproj/Main.storyboard; sourceTree = "<group>"; };
		8E58B48A2173FA3200FAB5C2 /* Assets.xcassets */ = {isa = PBXFileReference; lastKnownFileType = folder.assetcatalog; path = Assets.xcassets; sourceTree = "<group>"; };
		8E58B48D2173FA3200FAB5C2 /* Base */ = {isa = PBXFileReference; lastKnownFileType = file.storyboard; name = Base; path = Base.lproj/LaunchScreen.storyboard; sourceTree = "<group>"; };
		8E58B48F2173FA3200FAB5C2 /* Info.plist */ = {isa = PBXFileReference; lastKnownFileType = text.plist.xml; path = Info.plist; sourceTree = "<group>"; };
		8E58B4942173FA3200FAB5C2 /* BodyBankEnterpriseDemoTests.xctest */ = {isa = PBXFileReference; explicitFileType = wrapper.cfbundle; includeInIndex = 0; path = BodyBankEnterpriseDemoTests.xctest; sourceTree = BUILT_PRODUCTS_DIR; };
		8E58B4982173FA3200FAB5C2 /* BodyBankEnterpriseDemoTests.swift */ = {isa = PBXFileReference; lastKnownFileType = sourcecode.swift; path = BodyBankEnterpriseDemoTests.swift; sourceTree = "<group>"; };
		8E58B49A2173FA3200FAB5C2 /* Info.plist */ = {isa = PBXFileReference; lastKnownFileType = text.plist.xml; path = Info.plist; sourceTree = "<group>"; };
		8E58B49F2173FA3200FAB5C2 /* BodyBankEnterpriseDemoUITests.xctest */ = {isa = PBXFileReference; explicitFileType = wrapper.cfbundle; includeInIndex = 0; path = BodyBankEnterpriseDemoUITests.xctest; sourceTree = BUILT_PRODUCTS_DIR; };
		8E58B4A32173FA3200FAB5C2 /* BodyBankEnterpriseDemoUITests.swift */ = {isa = PBXFileReference; lastKnownFileType = sourcecode.swift; path = BodyBankEnterpriseDemoUITests.swift; sourceTree = "<group>"; };
		8E58B4A52173FA3200FAB5C2 /* Info.plist */ = {isa = PBXFileReference; lastKnownFileType = text.plist.xml; path = Info.plist; sourceTree = "<group>"; };
		A04C285221383FEE1A18A841 /* Pods-BodyBankEnterpriseDemo.release.xcconfig */ = {isa = PBXFileReference; includeInIndex = 1; lastKnownFileType = text.xcconfig; name = "Pods-BodyBankEnterpriseDemo.release.xcconfig"; path = "Pods/Target Support Files/Pods-BodyBankEnterpriseDemo/Pods-BodyBankEnterpriseDemo.release.xcconfig"; sourceTree = "<group>"; };
		B034148D30E5A0A5A7246E6E /* Pods_BodyBankEnterpriseDemoUITests.framework */ = {isa = PBXFileReference; explicitFileType = wrapper.framework; includeInIndex = 0; path = Pods_BodyBankEnterpriseDemoUITests.framework; sourceTree = BUILT_PRODUCTS_DIR; };
		BCE435F8E2E63CFE7D12796F /* Pods_BodyBankEnterpriseDemo.framework */ = {isa = PBXFileReference; explicitFileType = wrapper.framework; includeInIndex = 0; path = Pods_BodyBankEnterpriseDemo.framework; sourceTree = BUILT_PRODUCTS_DIR; };
		CE2DD1FB520D82693C3E0707 /* Pods-BodyBankEnterpriseDemoTests.release.xcconfig */ = {isa = PBXFileReference; includeInIndex = 1; lastKnownFileType = text.xcconfig; name = "Pods-BodyBankEnterpriseDemoTests.release.xcconfig"; path = "Pods/Target Support Files/Pods-BodyBankEnterpriseDemoTests/Pods-BodyBankEnterpriseDemoTests.release.xcconfig"; sourceTree = "<group>"; };
		E8355E24B0E6B5B03B20FD0E /* Pods-BodyBankEnterpriseDemoUITests.release.xcconfig */ = {isa = PBXFileReference; includeInIndex = 1; lastKnownFileType = text.xcconfig; name = "Pods-BodyBankEnterpriseDemoUITests.release.xcconfig"; path = "Pods/Target Support Files/Pods-BodyBankEnterpriseDemoUITests/Pods-BodyBankEnterpriseDemoUITests.release.xcconfig"; sourceTree = "<group>"; };
		E8C26AEF6D63093F676022A5 /* Pods-BodyBankEnterpriseDemoUITests.debug.xcconfig */ = {isa = PBXFileReference; includeInIndex = 1; lastKnownFileType = text.xcconfig; name = "Pods-BodyBankEnterpriseDemoUITests.debug.xcconfig"; path = "Pods/Target Support Files/Pods-BodyBankEnterpriseDemoUITests/Pods-BodyBankEnterpriseDemoUITests.debug.xcconfig"; sourceTree = "<group>"; };
/* End PBXFileReference section */

/* Begin PBXFrameworksBuildPhase section */
		8E58B47D2173FA2F00FAB5C2 /* Frameworks */ = {
			isa = PBXFrameworksBuildPhase;
			buildActionMask = 2147483647;
			files = (
				1CE305A28A8E51D4BC36C8BF /* Pods_BodyBankEnterpriseDemo.framework in Frameworks */,
			);
			runOnlyForDeploymentPostprocessing = 0;
		};
		8E58B4912173FA3200FAB5C2 /* Frameworks */ = {
			isa = PBXFrameworksBuildPhase;
			buildActionMask = 2147483647;
			files = (
				5DB8B16683013398DBD445F9 /* Pods_BodyBankEnterpriseDemoTests.framework in Frameworks */,
			);
			runOnlyForDeploymentPostprocessing = 0;
		};
		8E58B49C2173FA3200FAB5C2 /* Frameworks */ = {
			isa = PBXFrameworksBuildPhase;
			buildActionMask = 2147483647;
			files = (
				C73FE4EF918296CD8AF2DC3A /* Pods_BodyBankEnterpriseDemoUITests.framework in Frameworks */,
			);
			runOnlyForDeploymentPostprocessing = 0;
		};
/* End PBXFrameworksBuildPhase section */

/* Begin PBXGroup section */
		0D7C244AFBE27881374D5969 /* Pods */ = {
			isa = PBXGroup;
			children = (
				40E40512F7FD63A3C333EE32 /* Pods-BodyBankEnterpriseDemo.debug.xcconfig */,
				A04C285221383FEE1A18A841 /* Pods-BodyBankEnterpriseDemo.release.xcconfig */,
				4B7EDB3016D9C3C33E90DCA4 /* Pods-BodyBankEnterpriseDemoTests.debug.xcconfig */,
				CE2DD1FB520D82693C3E0707 /* Pods-BodyBankEnterpriseDemoTests.release.xcconfig */,
				E8C26AEF6D63093F676022A5 /* Pods-BodyBankEnterpriseDemoUITests.debug.xcconfig */,
				E8355E24B0E6B5B03B20FD0E /* Pods-BodyBankEnterpriseDemoUITests.release.xcconfig */,
			);
			name = Pods;
			sourceTree = "<group>";
		};
		8E58B4772173FA2F00FAB5C2 = {
			isa = PBXGroup;
			children = (
				8E58B4822173FA2F00FAB5C2 /* BodyBankEnterpriseDemo */,
				8E58B4972173FA3200FAB5C2 /* BodyBankEnterpriseDemoTests */,
				8E58B4A22173FA3200FAB5C2 /* BodyBankEnterpriseDemoUITests */,
				8E58B4812173FA2F00FAB5C2 /* Products */,
				0D7C244AFBE27881374D5969 /* Pods */,
				F660DB41F09C73B07F203168 /* Frameworks */,
			);
			sourceTree = "<group>";
		};
		8E58B4812173FA2F00FAB5C2 /* Products */ = {
			isa = PBXGroup;
			children = (
				8E58B4802173FA2F00FAB5C2 /* BodyBankEnterpriseDemo.app */,
				8E58B4942173FA3200FAB5C2 /* BodyBankEnterpriseDemoTests.xctest */,
				8E58B49F2173FA3200FAB5C2 /* BodyBankEnterpriseDemoUITests.xctest */,
			);
			name = Products;
			sourceTree = "<group>";
		};
		8E58B4822173FA2F00FAB5C2 /* BodyBankEnterpriseDemo */ = {
			isa = PBXGroup;
			children = (
				8E0E4D8421AE9021004ACECC /* bodybank-config.json */,
				8E58B4832173FA2F00FAB5C2 /* AppDelegate.swift */,
				8E58B4852173FA2F00FAB5C2 /* ViewController.swift */,
				8E58B4872173FA2F00FAB5C2 /* Main.storyboard */,
				8E58B48A2173FA3200FAB5C2 /* Assets.xcassets */,
				8E58B48C2173FA3200FAB5C2 /* LaunchScreen.storyboard */,
				8E58B48F2173FA3200FAB5C2 /* Info.plist */,
			);
			path = BodyBankEnterpriseDemo;
			sourceTree = "<group>";
		};
		8E58B4972173FA3200FAB5C2 /* BodyBankEnterpriseDemoTests */ = {
			isa = PBXGroup;
			children = (
				8E58B4982173FA3200FAB5C2 /* BodyBankEnterpriseDemoTests.swift */,
				8E58B49A2173FA3200FAB5C2 /* Info.plist */,
			);
			path = BodyBankEnterpriseDemoTests;
			sourceTree = "<group>";
		};
		8E58B4A22173FA3200FAB5C2 /* BodyBankEnterpriseDemoUITests */ = {
			isa = PBXGroup;
			children = (
				8E58B4A32173FA3200FAB5C2 /* BodyBankEnterpriseDemoUITests.swift */,
				8E58B4A52173FA3200FAB5C2 /* Info.plist */,
			);
			path = BodyBankEnterpriseDemoUITests;
			sourceTree = "<group>";
		};
		F660DB41F09C73B07F203168 /* Frameworks */ = {
			isa = PBXGroup;
			children = (
				BCE435F8E2E63CFE7D12796F /* Pods_BodyBankEnterpriseDemo.framework */,
				10E33AE6DDC06B4DFEC36248 /* Pods_BodyBankEnterpriseDemoTests.framework */,
				B034148D30E5A0A5A7246E6E /* Pods_BodyBankEnterpriseDemoUITests.framework */,
			);
			name = Frameworks;
			sourceTree = "<group>";
		};
/* End PBXGroup section */

/* Begin PBXNativeTarget section */
		8E58B47F2173FA2F00FAB5C2 /* BodyBankEnterpriseDemo */ = {
			isa = PBXNativeTarget;
			buildConfigurationList = 8E58B4A82173FA3200FAB5C2 /* Build configuration list for PBXNativeTarget "BodyBankEnterpriseDemo" */;
			buildPhases = (
				8D966B1FB4B146FB0B84D1D4 /* [CP] Check Pods Manifest.lock */,
				8E58B47C2173FA2F00FAB5C2 /* Sources */,
				8E58B47D2173FA2F00FAB5C2 /* Frameworks */,
				8E58B47E2173FA2F00FAB5C2 /* Resources */,
				749D03DDEF514878F593DE89 /* [CP] Embed Pods Frameworks */,
			);
			buildRules = (
			);
			dependencies = (
			);
			name = BodyBankEnterpriseDemo;
			productName = BodyBankEnterpriseDemo;
			productReference = 8E58B4802173FA2F00FAB5C2 /* BodyBankEnterpriseDemo.app */;
			productType = "com.apple.product-type.application";
		};
		8E58B4932173FA3200FAB5C2 /* BodyBankEnterpriseDemoTests */ = {
			isa = PBXNativeTarget;
			buildConfigurationList = 8E58B4AB2173FA3200FAB5C2 /* Build configuration list for PBXNativeTarget "BodyBankEnterpriseDemoTests" */;
			buildPhases = (
				6C7B5F02800421F6CEA22CFE /* [CP] Check Pods Manifest.lock */,
				8E58B4902173FA3200FAB5C2 /* Sources */,
				8E58B4912173FA3200FAB5C2 /* Frameworks */,
				8E58B4922173FA3200FAB5C2 /* Resources */,
			);
			buildRules = (
			);
			dependencies = (
				8E58B4962173FA3200FAB5C2 /* PBXTargetDependency */,
			);
			name = BodyBankEnterpriseDemoTests;
			productName = BodyBankEnterpriseDemoTests;
			productReference = 8E58B4942173FA3200FAB5C2 /* BodyBankEnterpriseDemoTests.xctest */;
			productType = "com.apple.product-type.bundle.unit-test";
		};
		8E58B49E2173FA3200FAB5C2 /* BodyBankEnterpriseDemoUITests */ = {
			isa = PBXNativeTarget;
			buildConfigurationList = 8E58B4AE2173FA3200FAB5C2 /* Build configuration list for PBXNativeTarget "BodyBankEnterpriseDemoUITests" */;
			buildPhases = (
				3D463972A7CA5FE49F6E4BF4 /* [CP] Check Pods Manifest.lock */,
				8E58B49B2173FA3200FAB5C2 /* Sources */,
				8E58B49C2173FA3200FAB5C2 /* Frameworks */,
				8E58B49D2173FA3200FAB5C2 /* Resources */,
			);
			buildRules = (
			);
			dependencies = (
				8E58B4A12173FA3200FAB5C2 /* PBXTargetDependency */,
			);
			name = BodyBankEnterpriseDemoUITests;
			productName = BodyBankEnterpriseDemoUITests;
			productReference = 8E58B49F2173FA3200FAB5C2 /* BodyBankEnterpriseDemoUITests.xctest */;
			productType = "com.apple.product-type.bundle.ui-testing";
		};
/* End PBXNativeTarget section */

/* Begin PBXProject section */
		8E58B4782173FA2F00FAB5C2 /* Project object */ = {
			isa = PBXProject;
			attributes = {
				LastSwiftUpdateCheck = 1000;
				LastUpgradeCheck = 1000;
				ORGANIZATIONNAME = "Shunpei Kobayashi";
				TargetAttributes = {
					8E58B47F2173FA2F00FAB5C2 = {
						CreatedOnToolsVersion = 10.0;
					};
					8E58B4932173FA3200FAB5C2 = {
						CreatedOnToolsVersion = 10.0;
						TestTargetID = 8E58B47F2173FA2F00FAB5C2;
					};
					8E58B49E2173FA3200FAB5C2 = {
						CreatedOnToolsVersion = 10.0;
						TestTargetID = 8E58B47F2173FA2F00FAB5C2;
					};
				};
			};
			buildConfigurationList = 8E58B47B2173FA2F00FAB5C2 /* Build configuration list for PBXProject "BodyBankEnterpriseDemo" */;
			compatibilityVersion = "Xcode 9.3";
			developmentRegion = en;
			hasScannedForEncodings = 0;
			knownRegions = (
				en,
				Base,
			);
			mainGroup = 8E58B4772173FA2F00FAB5C2;
			productRefGroup = 8E58B4812173FA2F00FAB5C2 /* Products */;
			projectDirPath = "";
			projectRoot = "";
			targets = (
				8E58B47F2173FA2F00FAB5C2 /* BodyBankEnterpriseDemo */,
				8E58B4932173FA3200FAB5C2 /* BodyBankEnterpriseDemoTests */,
				8E58B49E2173FA3200FAB5C2 /* BodyBankEnterpriseDemoUITests */,
			);
		};
/* End PBXProject section */

/* Begin PBXResourcesBuildPhase section */
		8E58B47E2173FA2F00FAB5C2 /* Resources */ = {
			isa = PBXResourcesBuildPhase;
			buildActionMask = 2147483647;
			files = (
				8E58B48E2173FA3200FAB5C2 /* LaunchScreen.storyboard in Resources */,
				8E0E4D8521AE9021004ACECC /* bodybank-config.json in Resources */,
				8E58B48B2173FA3200FAB5C2 /* Assets.xcassets in Resources */,
				8E58B4892173FA2F00FAB5C2 /* Main.storyboard in Resources */,
			);
			runOnlyForDeploymentPostprocessing = 0;
		};
		8E58B4922173FA3200FAB5C2 /* Resources */ = {
			isa = PBXResourcesBuildPhase;
			buildActionMask = 2147483647;
			files = (
			);
			runOnlyForDeploymentPostprocessing = 0;
		};
		8E58B49D2173FA3200FAB5C2 /* Resources */ = {
			isa = PBXResourcesBuildPhase;
			buildActionMask = 2147483647;
			files = (
			);
			runOnlyForDeploymentPostprocessing = 0;
		};
/* End PBXResourcesBuildPhase section */

/* Begin PBXShellScriptBuildPhase section */
		3D463972A7CA5FE49F6E4BF4 /* [CP] Check Pods Manifest.lock */ = {
			isa = PBXShellScriptBuildPhase;
			buildActionMask = 2147483647;
			files = (
			);
			inputPaths = (
				"${PODS_PODFILE_DIR_PATH}/Podfile.lock",
				"${PODS_ROOT}/Manifest.lock",
			);
			name = "[CP] Check Pods Manifest.lock";
			outputPaths = (
				"$(DERIVED_FILE_DIR)/Pods-BodyBankEnterpriseDemoUITests-checkManifestLockResult.txt",
			);
			runOnlyForDeploymentPostprocessing = 0;
			shellPath = /bin/sh;
			shellScript = "diff \"${PODS_PODFILE_DIR_PATH}/Podfile.lock\" \"${PODS_ROOT}/Manifest.lock\" > /dev/null\nif [ $? != 0 ] ; then\n    # print error to STDERR\n    echo \"error: The sandbox is not in sync with the Podfile.lock. Run 'pod install' or update your CocoaPods installation.\" >&2\n    exit 1\nfi\n# This output is used by Xcode 'outputs' to avoid re-running this script phase.\necho \"SUCCESS\" > \"${SCRIPT_OUTPUT_FILE_0}\"\n";
			showEnvVarsInLog = 0;
		};
		6C7B5F02800421F6CEA22CFE /* [CP] Check Pods Manifest.lock */ = {
			isa = PBXShellScriptBuildPhase;
			buildActionMask = 2147483647;
			files = (
			);
			inputPaths = (
				"${PODS_PODFILE_DIR_PATH}/Podfile.lock",
				"${PODS_ROOT}/Manifest.lock",
			);
			name = "[CP] Check Pods Manifest.lock";
			outputPaths = (
				"$(DERIVED_FILE_DIR)/Pods-BodyBankEnterpriseDemoTests-checkManifestLockResult.txt",
			);
			runOnlyForDeploymentPostprocessing = 0;
			shellPath = /bin/sh;
			shellScript = "diff \"${PODS_PODFILE_DIR_PATH}/Podfile.lock\" \"${PODS_ROOT}/Manifest.lock\" > /dev/null\nif [ $? != 0 ] ; then\n    # print error to STDERR\n    echo \"error: The sandbox is not in sync with the Podfile.lock. Run 'pod install' or update your CocoaPods installation.\" >&2\n    exit 1\nfi\n# This output is used by Xcode 'outputs' to avoid re-running this script phase.\necho \"SUCCESS\" > \"${SCRIPT_OUTPUT_FILE_0}\"\n";
			showEnvVarsInLog = 0;
		};
		749D03DDEF514878F593DE89 /* [CP] Embed Pods Frameworks */ = {
			isa = PBXShellScriptBuildPhase;
			buildActionMask = 2147483647;
			files = (
			);
			inputPaths = (
				"${PODS_ROOT}/Target Support Files/Pods-BodyBankEnterpriseDemo/Pods-BodyBankEnterpriseDemo-frameworks.sh",
				"${BUILT_PRODUCTS_DIR}/AWSAppSync/AWSAppSync.framework",
				"${BUILT_PRODUCTS_DIR}/AWSCore/AWSCore.framework",
				"${BUILT_PRODUCTS_DIR}/AWSS3/AWSS3.framework",
				"${PODS_ROOT}/BodyBankEnterprise/BodyBankEnterprise.framework",
				"${BUILT_PRODUCTS_DIR}/FCFileManager/FCFileManager.framework",
				"${BUILT_PRODUCTS_DIR}/JWTDecode/JWTDecode.framework",
				"${BUILT_PRODUCTS_DIR}/KeychainSwift/KeychainSwift.framework",
				"${BUILT_PRODUCTS_DIR}/ReachabilitySwift/Reachability.framework",
				"${BUILT_PRODUCTS_DIR}/SQLite.swift/SQLite.framework",
			);
			name = "[CP] Embed Pods Frameworks";
			outputPaths = (
				"${TARGET_BUILD_DIR}/${FRAMEWORKS_FOLDER_PATH}/AWSAppSync.framework",
				"${TARGET_BUILD_DIR}/${FRAMEWORKS_FOLDER_PATH}/AWSCore.framework",
				"${TARGET_BUILD_DIR}/${FRAMEWORKS_FOLDER_PATH}/AWSS3.framework",
				"${TARGET_BUILD_DIR}/${FRAMEWORKS_FOLDER_PATH}/BodyBankEnterprise.framework",
				"${TARGET_BUILD_DIR}/${FRAMEWORKS_FOLDER_PATH}/FCFileManager.framework",
				"${TARGET_BUILD_DIR}/${FRAMEWORKS_FOLDER_PATH}/JWTDecode.framework",
				"${TARGET_BUILD_DIR}/${FRAMEWORKS_FOLDER_PATH}/KeychainSwift.framework",
				"${TARGET_BUILD_DIR}/${FRAMEWORKS_FOLDER_PATH}/Reachability.framework",
				"${TARGET_BUILD_DIR}/${FRAMEWORKS_FOLDER_PATH}/SQLite.framework",
			);
			runOnlyForDeploymentPostprocessing = 0;
			shellPath = /bin/sh;
			shellScript = "\"${PODS_ROOT}/Target Support Files/Pods-BodyBankEnterpriseDemo/Pods-BodyBankEnterpriseDemo-frameworks.sh\"\n";
			showEnvVarsInLog = 0;
		};
		8D966B1FB4B146FB0B84D1D4 /* [CP] Check Pods Manifest.lock */ = {
			isa = PBXShellScriptBuildPhase;
			buildActionMask = 2147483647;
			files = (
			);
			inputPaths = (
				"${PODS_PODFILE_DIR_PATH}/Podfile.lock",
				"${PODS_ROOT}/Manifest.lock",
			);
			name = "[CP] Check Pods Manifest.lock";
			outputPaths = (
				"$(DERIVED_FILE_DIR)/Pods-BodyBankEnterpriseDemo-checkManifestLockResult.txt",
			);
			runOnlyForDeploymentPostprocessing = 0;
			shellPath = /bin/sh;
			shellScript = "diff \"${PODS_PODFILE_DIR_PATH}/Podfile.lock\" \"${PODS_ROOT}/Manifest.lock\" > /dev/null\nif [ $? != 0 ] ; then\n    # print error to STDERR\n    echo \"error: The sandbox is not in sync with the Podfile.lock. Run 'pod install' or update your CocoaPods installation.\" >&2\n    exit 1\nfi\n# This output is used by Xcode 'outputs' to avoid re-running this script phase.\necho \"SUCCESS\" > \"${SCRIPT_OUTPUT_FILE_0}\"\n";
			showEnvVarsInLog = 0;
		};
/* End PBXShellScriptBuildPhase section */

/* Begin PBXSourcesBuildPhase section */
		8E58B47C2173FA2F00FAB5C2 /* Sources */ = {
			isa = PBXSourcesBuildPhase;
			buildActionMask = 2147483647;
			files = (
				8E58B4862173FA2F00FAB5C2 /* ViewController.swift in Sources */,
				8E58B4842173FA2F00FAB5C2 /* AppDelegate.swift in Sources */,
			);
			runOnlyForDeploymentPostprocessing = 0;
		};
		8E58B4902173FA3200FAB5C2 /* Sources */ = {
			isa = PBXSourcesBuildPhase;
			buildActionMask = 2147483647;
			files = (
				8E58B4992173FA3200FAB5C2 /* BodyBankEnterpriseDemoTests.swift in Sources */,
			);
			runOnlyForDeploymentPostprocessing = 0;
		};
		8E58B49B2173FA3200FAB5C2 /* Sources */ = {
			isa = PBXSourcesBuildPhase;
			buildActionMask = 2147483647;
			files = (
				8E58B4A42173FA3200FAB5C2 /* BodyBankEnterpriseDemoUITests.swift in Sources */,
			);
			runOnlyForDeploymentPostprocessing = 0;
		};
/* End PBXSourcesBuildPhase section */

/* Begin PBXTargetDependency section */
		8E58B4962173FA3200FAB5C2 /* PBXTargetDependency */ = {
			isa = PBXTargetDependency;
			target = 8E58B47F2173FA2F00FAB5C2 /* BodyBankEnterpriseDemo */;
			targetProxy = 8E58B4952173FA3200FAB5C2 /* PBXContainerItemProxy */;
		};
		8E58B4A12173FA3200FAB5C2 /* PBXTargetDependency */ = {
			isa = PBXTargetDependency;
			target = 8E58B47F2173FA2F00FAB5C2 /* BodyBankEnterpriseDemo */;
			targetProxy = 8E58B4A02173FA3200FAB5C2 /* PBXContainerItemProxy */;
		};
/* End PBXTargetDependency section */

/* Begin PBXVariantGroup section */
		8E58B4872173FA2F00FAB5C2 /* Main.storyboard */ = {
			isa = PBXVariantGroup;
			children = (
				8E58B4882173FA2F00FAB5C2 /* Base */,
			);
			name = Main.storyboard;
			sourceTree = "<group>";
		};
		8E58B48C2173FA3200FAB5C2 /* LaunchScreen.storyboard */ = {
			isa = PBXVariantGroup;
			children = (
				8E58B48D2173FA3200FAB5C2 /* Base */,
			);
			name = LaunchScreen.storyboard;
			sourceTree = "<group>";
		};
/* End PBXVariantGroup section */

/* Begin XCBuildConfiguration section */
		8E58B4A62173FA3200FAB5C2 /* Debug */ = {
			isa = XCBuildConfiguration;
			buildSettings = {
				ALWAYS_SEARCH_USER_PATHS = NO;
				CLANG_ANALYZER_NONNULL = YES;
				CLANG_ANALYZER_NUMBER_OBJECT_CONVERSION = YES_AGGRESSIVE;
				CLANG_CXX_LANGUAGE_STANDARD = "gnu++14";
				CLANG_CXX_LIBRARY = "libc++";
				CLANG_ENABLE_MODULES = YES;
				CLANG_ENABLE_OBJC_ARC = YES;
				CLANG_ENABLE_OBJC_WEAK = YES;
				CLANG_WARN_BLOCK_CAPTURE_AUTORELEASING = YES;
				CLANG_WARN_BOOL_CONVERSION = YES;
				CLANG_WARN_COMMA = YES;
				CLANG_WARN_CONSTANT_CONVERSION = YES;
				CLANG_WARN_DEPRECATED_OBJC_IMPLEMENTATIONS = YES;
				CLANG_WARN_DIRECT_OBJC_ISA_USAGE = YES_ERROR;
				CLANG_WARN_DOCUMENTATION_COMMENTS = YES;
				CLANG_WARN_EMPTY_BODY = YES;
				CLANG_WARN_ENUM_CONVERSION = YES;
				CLANG_WARN_INFINITE_RECURSION = YES;
				CLANG_WARN_INT_CONVERSION = YES;
				CLANG_WARN_NON_LITERAL_NULL_CONVERSION = YES;
				CLANG_WARN_OBJC_IMPLICIT_RETAIN_SELF = YES;
				CLANG_WARN_OBJC_LITERAL_CONVERSION = YES;
				CLANG_WARN_OBJC_ROOT_CLASS = YES_ERROR;
				CLANG_WARN_RANGE_LOOP_ANALYSIS = YES;
				CLANG_WARN_STRICT_PROTOTYPES = YES;
				CLANG_WARN_SUSPICIOUS_MOVE = YES;
				CLANG_WARN_UNGUARDED_AVAILABILITY = YES_AGGRESSIVE;
				CLANG_WARN_UNREACHABLE_CODE = YES;
				CLANG_WARN__DUPLICATE_METHOD_MATCH = YES;
				CODE_SIGN_IDENTITY = "iPhone Developer";
				COPY_PHASE_STRIP = NO;
				DEBUG_INFORMATION_FORMAT = dwarf;
				ENABLE_STRICT_OBJC_MSGSEND = YES;
				ENABLE_TESTABILITY = YES;
				GCC_C_LANGUAGE_STANDARD = gnu11;
				GCC_DYNAMIC_NO_PIC = NO;
				GCC_NO_COMMON_BLOCKS = YES;
				GCC_OPTIMIZATION_LEVEL = 0;
				GCC_PREPROCESSOR_DEFINITIONS = (
					"DEBUG=1",
					"$(inherited)",
				);
				GCC_WARN_64_TO_32_BIT_CONVERSION = YES;
				GCC_WARN_ABOUT_RETURN_TYPE = YES_ERROR;
				GCC_WARN_UNDECLARED_SELECTOR = YES;
				GCC_WARN_UNINITIALIZED_AUTOS = YES_AGGRESSIVE;
				GCC_WARN_UNUSED_FUNCTION = YES;
				GCC_WARN_UNUSED_VARIABLE = YES;
				IPHONEOS_DEPLOYMENT_TARGET = 10.0;
				MTL_ENABLE_DEBUG_INFO = INCLUDE_SOURCE;
				MTL_FAST_MATH = YES;
				ONLY_ACTIVE_ARCH = YES;
				SDKROOT = iphoneos;
				SWIFT_ACTIVE_COMPILATION_CONDITIONS = DEBUG;
				SWIFT_OPTIMIZATION_LEVEL = "-Onone";
			};
			name = Debug;
		};
		8E58B4A72173FA3200FAB5C2 /* Release */ = {
			isa = XCBuildConfiguration;
			buildSettings = {
				ALWAYS_SEARCH_USER_PATHS = NO;
				CLANG_ANALYZER_NONNULL = YES;
				CLANG_ANALYZER_NUMBER_OBJECT_CONVERSION = YES_AGGRESSIVE;
				CLANG_CXX_LANGUAGE_STANDARD = "gnu++14";
				CLANG_CXX_LIBRARY = "libc++";
				CLANG_ENABLE_MODULES = YES;
				CLANG_ENABLE_OBJC_ARC = YES;
				CLANG_ENABLE_OBJC_WEAK = YES;
				CLANG_WARN_BLOCK_CAPTURE_AUTORELEASING = YES;
				CLANG_WARN_BOOL_CONVERSION = YES;
				CLANG_WARN_COMMA = YES;
				CLANG_WARN_CONSTANT_CONVERSION = YES;
				CLANG_WARN_DEPRECATED_OBJC_IMPLEMENTATIONS = YES;
				CLANG_WARN_DIRECT_OBJC_ISA_USAGE = YES_ERROR;
				CLANG_WARN_DOCUMENTATION_COMMENTS = YES;
				CLANG_WARN_EMPTY_BODY = YES;
				CLANG_WARN_ENUM_CONVERSION = YES;
				CLANG_WARN_INFINITE_RECURSION = YES;
				CLANG_WARN_INT_CONVERSION = YES;
				CLANG_WARN_NON_LITERAL_NULL_CONVERSION = YES;
				CLANG_WARN_OBJC_IMPLICIT_RETAIN_SELF = YES;
				CLANG_WARN_OBJC_LITERAL_CONVERSION = YES;
				CLANG_WARN_OBJC_ROOT_CLASS = YES_ERROR;
				CLANG_WARN_RANGE_LOOP_ANALYSIS = YES;
				CLANG_WARN_STRICT_PROTOTYPES = YES;
				CLANG_WARN_SUSPICIOUS_MOVE = YES;
				CLANG_WARN_UNGUARDED_AVAILABILITY = YES_AGGRESSIVE;
				CLANG_WARN_UNREACHABLE_CODE = YES;
				CLANG_WARN__DUPLICATE_METHOD_MATCH = YES;
				CODE_SIGN_IDENTITY = "iPhone Developer";
				COPY_PHASE_STRIP = NO;
				DEBUG_INFORMATION_FORMAT = "dwarf-with-dsym";
				ENABLE_NS_ASSERTIONS = NO;
				ENABLE_STRICT_OBJC_MSGSEND = YES;
				GCC_C_LANGUAGE_STANDARD = gnu11;
				GCC_NO_COMMON_BLOCKS = YES;
				GCC_WARN_64_TO_32_BIT_CONVERSION = YES;
				GCC_WARN_ABOUT_RETURN_TYPE = YES_ERROR;
				GCC_WARN_UNDECLARED_SELECTOR = YES;
				GCC_WARN_UNINITIALIZED_AUTOS = YES_AGGRESSIVE;
				GCC_WARN_UNUSED_FUNCTION = YES;
				GCC_WARN_UNUSED_VARIABLE = YES;
				IPHONEOS_DEPLOYMENT_TARGET = 10.0;
				MTL_ENABLE_DEBUG_INFO = NO;
				MTL_FAST_MATH = YES;
				SDKROOT = iphoneos;
				SWIFT_COMPILATION_MODE = wholemodule;
				SWIFT_OPTIMIZATION_LEVEL = "-O";
				VALIDATE_PRODUCT = YES;
			};
			name = Release;
		};
		8E58B4A92173FA3200FAB5C2 /* Debug */ = {
			isa = XCBuildConfiguration;
			baseConfigurationReference = 40E40512F7FD63A3C333EE32 /* Pods-BodyBankEnterpriseDemo.debug.xcconfig */;
			buildSettings = {
				ASSETCATALOG_COMPILER_APPICON_NAME = AppIcon;
				CODE_SIGN_STYLE = Automatic;
				DEVELOPMENT_TEAM = UQ5XKXJJ74;
				INFOPLIST_FILE = BodyBankEnterpriseDemo/Info.plist;
				LD_RUNPATH_SEARCH_PATHS = (
					"$(inherited)",
					"@executable_path/Frameworks",
				);
				PRODUCT_BUNDLE_IDENTIFIER = me.skonb.BodyBankEnterpriseDemo;
				PRODUCT_NAME = "$(TARGET_NAME)";
				SWIFT_VERSION = 4.2;
				TARGETED_DEVICE_FAMILY = "1,2";
			};
			name = Debug;
		};
		8E58B4AA2173FA3200FAB5C2 /* Release */ = {
			isa = XCBuildConfiguration;
			baseConfigurationReference = A04C285221383FEE1A18A841 /* Pods-BodyBankEnterpriseDemo.release.xcconfig */;
			buildSettings = {
				ASSETCATALOG_COMPILER_APPICON_NAME = AppIcon;
				CODE_SIGN_STYLE = Automatic;
				DEVELOPMENT_TEAM = UQ5XKXJJ74;
				INFOPLIST_FILE = BodyBankEnterpriseDemo/Info.plist;
				LD_RUNPATH_SEARCH_PATHS = (
					"$(inherited)",
					"@executable_path/Frameworks",
				);
				PRODUCT_BUNDLE_IDENTIFIER = me.skonb.BodyBankEnterpriseDemo;
				PRODUCT_NAME = "$(TARGET_NAME)";
				SWIFT_VERSION = 4.2;
				TARGETED_DEVICE_FAMILY = "1,2";
			};
			name = Release;
		};
		8E58B4AC2173FA3200FAB5C2 /* Debug */ = {
			isa = XCBuildConfiguration;
			baseConfigurationReference = 4B7EDB3016D9C3C33E90DCA4 /* Pods-BodyBankEnterpriseDemoTests.debug.xcconfig */;
			buildSettings = {
				ALWAYS_EMBED_SWIFT_STANDARD_LIBRARIES = YES;
				BUNDLE_LOADER = "$(TEST_HOST)";
				CODE_SIGN_STYLE = Automatic;
				DEVELOPMENT_TEAM = UQ5XKXJJ74;
				INFOPLIST_FILE = BodyBankEnterpriseDemoTests/Info.plist;
				LD_RUNPATH_SEARCH_PATHS = (
					"$(inherited)",
					"@executable_path/Frameworks",
					"@loader_path/Frameworks",
				);
				PRODUCT_BUNDLE_IDENTIFIER = me.skonb.BodyBankEnterpriseDemoTests;
				PRODUCT_NAME = "$(TARGET_NAME)";
				SWIFT_VERSION = 4.2;
				TARGETED_DEVICE_FAMILY = "1,2";
				TEST_HOST = "$(BUILT_PRODUCTS_DIR)/BodyBankEnterpriseDemo.app/BodyBankEnterpriseDemo";
			};
			name = Debug;
		};
		8E58B4AD2173FA3200FAB5C2 /* Release */ = {
			isa = XCBuildConfiguration;
			baseConfigurationReference = CE2DD1FB520D82693C3E0707 /* Pods-BodyBankEnterpriseDemoTests.release.xcconfig */;
			buildSettings = {
				ALWAYS_EMBED_SWIFT_STANDARD_LIBRARIES = YES;
				BUNDLE_LOADER = "$(TEST_HOST)";
				CODE_SIGN_STYLE = Automatic;
				DEVELOPMENT_TEAM = UQ5XKXJJ74;
				INFOPLIST_FILE = BodyBankEnterpriseDemoTests/Info.plist;
				LD_RUNPATH_SEARCH_PATHS = (
					"$(inherited)",
					"@executable_path/Frameworks",
					"@loader_path/Frameworks",
				);
				PRODUCT_BUNDLE_IDENTIFIER = me.skonb.BodyBankEnterpriseDemoTests;
				PRODUCT_NAME = "$(TARGET_NAME)";
				SWIFT_VERSION = 4.2;
				TARGETED_DEVICE_FAMILY = "1,2";
				TEST_HOST = "$(BUILT_PRODUCTS_DIR)/BodyBankEnterpriseDemo.app/BodyBankEnterpriseDemo";
			};
			name = Release;
		};
		8E58B4AF2173FA3200FAB5C2 /* Debug */ = {
			isa = XCBuildConfiguration;
			baseConfigurationReference = E8C26AEF6D63093F676022A5 /* Pods-BodyBankEnterpriseDemoUITests.debug.xcconfig */;
			buildSettings = {
				ALWAYS_EMBED_SWIFT_STANDARD_LIBRARIES = YES;
				CODE_SIGN_STYLE = Automatic;
				DEVELOPMENT_TEAM = UQ5XKXJJ74;
				INFOPLIST_FILE = BodyBankEnterpriseDemoUITests/Info.plist;
				LD_RUNPATH_SEARCH_PATHS = (
					"$(inherited)",
					"@executable_path/Frameworks",
					"@loader_path/Frameworks",
				);
				PRODUCT_BUNDLE_IDENTIFIER = me.skonb.BodyBankEnterpriseDemoUITests;
				PRODUCT_NAME = "$(TARGET_NAME)";
				SWIFT_VERSION = 4.2;
				TARGETED_DEVICE_FAMILY = "1,2";
				TEST_TARGET_NAME = BodyBankEnterpriseDemo;
			};
			name = Debug;
		};
		8E58B4B02173FA3200FAB5C2 /* Release */ = {
			isa = XCBuildConfiguration;
			baseConfigurationReference = E8355E24B0E6B5B03B20FD0E /* Pods-BodyBankEnterpriseDemoUITests.release.xcconfig */;
			buildSettings = {
				ALWAYS_EMBED_SWIFT_STANDARD_LIBRARIES = YES;
				CODE_SIGN_STYLE = Automatic;
				DEVELOPMENT_TEAM = UQ5XKXJJ74;
				INFOPLIST_FILE = BodyBankEnterpriseDemoUITests/Info.plist;
				LD_RUNPATH_SEARCH_PATHS = (
					"$(inherited)",
					"@executable_path/Frameworks",
					"@loader_path/Frameworks",
				);
				PRODUCT_BUNDLE_IDENTIFIER = me.skonb.BodyBankEnterpriseDemoUITests;
				PRODUCT_NAME = "$(TARGET_NAME)";
				SWIFT_VERSION = 4.2;
				TARGETED_DEVICE_FAMILY = "1,2";
				TEST_TARGET_NAME = BodyBankEnterpriseDemo;
			};
			name = Release;
		};
/* End XCBuildConfiguration section */

/* Begin XCConfigurationList section */
		8E58B47B2173FA2F00FAB5C2 /* Build configuration list for PBXProject "BodyBankEnterpriseDemo" */ = {
			isa = XCConfigurationList;
			buildConfigurations = (
				8E58B4A62173FA3200FAB5C2 /* Debug */,
				8E58B4A72173FA3200FAB5C2 /* Release */,
			);
			defaultConfigurationIsVisible = 0;
			defaultConfigurationName = Release;
		};
		8E58B4A82173FA3200FAB5C2 /* Build configuration list for PBXNativeTarget "BodyBankEnterpriseDemo" */ = {
			isa = XCConfigurationList;
			buildConfigurations = (
				8E58B4A92173FA3200FAB5C2 /* Debug */,
				8E58B4AA2173FA3200FAB5C2 /* Release */,
			);
			defaultConfigurationIsVisible = 0;
			defaultConfigurationName = Release;
		};
		8E58B4AB2173FA3200FAB5C2 /* Build configuration list for PBXNativeTarget "BodyBankEnterpriseDemoTests" */ = {
			isa = XCConfigurationList;
			buildConfigurations = (
				8E58B4AC2173FA3200FAB5C2 /* Debug */,
				8E58B4AD2173FA3200FAB5C2 /* Release */,
			);
			defaultConfigurationIsVisible = 0;
			defaultConfigurationName = Release;
		};
		8E58B4AE2173FA3200FAB5C2 /* Build configuration list for PBXNativeTarget "BodyBankEnterpriseDemoUITests" */ = {
			isa = XCConfigurationList;
			buildConfigurations = (
				8E58B4AF2173FA3200FAB5C2 /* Debug */,
				8E58B4B02173FA3200FAB5C2 /* Release */,
			);
			defaultConfigurationIsVisible = 0;
			defaultConfigurationName = Release;
		};
/* End XCConfigurationList section */
	};
	rootObject = 8E58B4782173FA2F00FAB5C2 /* Project object */;
}
